// !$*UTF8*$!
{
	archiveVersion = 1;
	classes = {
	};
	objectVersion = 56;
	objects = {

/* Begin PBXBuildFile section */
		6C70402E2C1FF5F0008FAFB8 /* TLButton.swift in Sources */ = {isa = PBXBuildFile; fileRef = 6C70402D2C1FF5F0008FAFB8 /* TLButton.swift */; };
		6C7040302C24BAF4008FAFB8 /* Extensions.swift in Sources */ = {isa = PBXBuildFile; fileRef = 6C70402F2C24BAF4008FAFB8 /* Extensions.swift */; };
		6C7A54CC2C0EED21003FC649 /* To_Do_ListApp.swift in Sources */ = {isa = PBXBuildFile; fileRef = 6C7A54CB2C0EED21003FC649 /* To_Do_ListApp.swift */; };
		6C7A54CE2C0EED21003FC649 /* ContentView.swift in Sources */ = {isa = PBXBuildFile; fileRef = 6C7A54CD2C0EED21003FC649 /* ContentView.swift */; };
		6C7A54D02C0EED23003FC649 /* Assets.xcassets in Resources */ = {isa = PBXBuildFile; fileRef = 6C7A54CF2C0EED23003FC649 /* Assets.xcassets */; };
		6C7A54D32C0EED23003FC649 /* Preview Assets.xcassets in Resources */ = {isa = PBXBuildFile; fileRef = 6C7A54D22C0EED23003FC649 /* Preview Assets.xcassets */; };
		6C7A54DD2C0EED23003FC649 /* To_Do_ListTests.swift in Sources */ = {isa = PBXBuildFile; fileRef = 6C7A54DC2C0EED23003FC649 /* To_Do_ListTests.swift */; };
		6C7A54E72C0EED23003FC649 /* To_Do_ListUITests.swift in Sources */ = {isa = PBXBuildFile; fileRef = 6C7A54E62C0EED23003FC649 /* To_Do_ListUITests.swift */; };
		6C7A54E92C0EED23003FC649 /* To_Do_ListUITestsLaunchTests.swift in Sources */ = {isa = PBXBuildFile; fileRef = 6C7A54E82C0EED23003FC649 /* To_Do_ListUITestsLaunchTests.swift */; };
		6CB4B4352C10305C007A7F2C /* GoogleService-Info.plist in Resources */ = {isa = PBXBuildFile; fileRef = 6CB4B4342C10305C007A7F2C /* GoogleService-Info.plist */; };
		6CB4B4382C1031C4007A7F2C /* FirebaseAnalytics in Frameworks */ = {isa = PBXBuildFile; productRef = 6CB4B4372C1031C4007A7F2C /* FirebaseAnalytics */; };
		6CB4B43A2C1031C4007A7F2C /* FirebaseAnalyticsOnDeviceConversion in Frameworks */ = {isa = PBXBuildFile; productRef = 6CB4B4392C1031C4007A7F2C /* FirebaseAnalyticsOnDeviceConversion */; };
		6CB4B43C2C1031C4007A7F2C /* FirebaseAnalyticsSwift in Frameworks */ = {isa = PBXBuildFile; productRef = 6CB4B43B2C1031C4007A7F2C /* FirebaseAnalyticsSwift */; };
		6CB4B43E2C1031C4007A7F2C /* FirebaseAnalyticsWithoutAdIdSupport in Frameworks */ = {isa = PBXBuildFile; productRef = 6CB4B43D2C1031C4007A7F2C /* FirebaseAnalyticsWithoutAdIdSupport */; };
		6CB4B4402C1031C4007A7F2C /* FirebaseAppCheck in Frameworks */ = {isa = PBXBuildFile; productRef = 6CB4B43F2C1031C4007A7F2C /* FirebaseAppCheck */; };
		6CB4B4422C10A9D2007A7F2C /* FirebaseAuth in Frameworks */ = {isa = PBXBuildFile; productRef = 6CB4B4412C10A9D2007A7F2C /* FirebaseAuth */; };
		6CB4B4442C10A9D2007A7F2C /* FirebaseFirestore in Frameworks */ = {isa = PBXBuildFile; productRef = 6CB4B4432C10A9D2007A7F2C /* FirebaseFirestore */; };
		6CB4B4462C10A9D2007A7F2C /* FirebaseFirestoreSwift in Frameworks */ = {isa = PBXBuildFile; productRef = 6CB4B4452C10A9D2007A7F2C /* FirebaseFirestoreSwift */; };
		6CB4B44D2C10BDE5007A7F2C /* ProfileView.swift in Sources */ = {isa = PBXBuildFile; fileRef = 6CB4B44C2C10BDE5007A7F2C /* ProfileView.swift */; };
		6CB4B44F2C10BE20007A7F2C /* ToDoListView.swift in Sources */ = {isa = PBXBuildFile; fileRef = 6CB4B44E2C10BE20007A7F2C /* ToDoListView.swift */; };
		6CB4B4512C10BE34007A7F2C /* NewItemView.swift in Sources */ = {isa = PBXBuildFile; fileRef = 6CB4B4502C10BE34007A7F2C /* NewItemView.swift */; };
		6CB4B4532C10BE53007A7F2C /* LoginView.swift in Sources */ = {isa = PBXBuildFile; fileRef = 6CB4B4522C10BE53007A7F2C /* LoginView.swift */; };
		6CB4B4552C10BE6F007A7F2C /* RegisterView.swift in Sources */ = {isa = PBXBuildFile; fileRef = 6CB4B4542C10BE6F007A7F2C /* RegisterView.swift */; };
		6CB4B4572C10BEBB007A7F2C /* ToDoListItemView.swift in Sources */ = {isa = PBXBuildFile; fileRef = 6CB4B4562C10BEBB007A7F2C /* ToDoListItemView.swift */; };
		6CB4B4592C1A1F33007A7F2C /* User.swift in Sources */ = {isa = PBXBuildFile; fileRef = 6CB4B4582C1A1F33007A7F2C /* User.swift */; };
		6CB4B45B2C1A1F66007A7F2C /* ToDoListItem.swift in Sources */ = {isa = PBXBuildFile; fileRef = 6CB4B45A2C1A1F66007A7F2C /* ToDoListItem.swift */; };
		6CB4B45D2C1A1FD2007A7F2C /* ContentViewViewModel.swift in Sources */ = {isa = PBXBuildFile; fileRef = 6CB4B45C2C1A1FD2007A7F2C /* ContentViewViewModel.swift */; };
		6CB4B45F2C1A1FE0007A7F2C /* ProfileViewViewModel.swift in Sources */ = {isa = PBXBuildFile; fileRef = 6CB4B45E2C1A1FE0007A7F2C /* ProfileViewViewModel.swift */; };
		6CB4B4612C1A1FFD007A7F2C /* ToDoListViewViewModel.swift in Sources */ = {isa = PBXBuildFile; fileRef = 6CB4B4602C1A1FFD007A7F2C /* ToDoListViewViewModel.swift */; };
		6CB4B4632C1A2011007A7F2C /* NewItemViewViewModel.swift in Sources */ = {isa = PBXBuildFile; fileRef = 6CB4B4622C1A2011007A7F2C /* NewItemViewViewModel.swift */; };
		6CB4B4652C1A2022007A7F2C /* LoginViewViewModel.swift in Sources */ = {isa = PBXBuildFile; fileRef = 6CB4B4642C1A2022007A7F2C /* LoginViewViewModel.swift */; };
		6CB4B4672C1A2047007A7F2C /* RegisterViewViewModel.swift in Sources */ = {isa = PBXBuildFile; fileRef = 6CB4B4662C1A2047007A7F2C /* RegisterViewViewModel.swift */; };
		6CB4B4692C1A205A007A7F2C /* ToDoListItemViewViewModel.swift in Sources */ = {isa = PBXBuildFile; fileRef = 6CB4B4682C1A205A007A7F2C /* ToDoListItemViewViewModel.swift */; };
		6CB4B46B2C1A29A8007A7F2C /* HeaderView.swift in Sources */ = {isa = PBXBuildFile; fileRef = 6CB4B46A2C1A29A8007A7F2C /* HeaderView.swift */; };
/* End PBXBuildFile section */

/* Begin PBXContainerItemProxy section */
		6C7A54D92C0EED23003FC649 /* PBXContainerItemProxy */ = {
			isa = PBXContainerItemProxy;
			containerPortal = 6C7A54C02C0EED21003FC649 /* Project object */;
			proxyType = 1;
			remoteGlobalIDString = 6C7A54C72C0EED21003FC649;
			remoteInfo = "To-Do List";
		};
		6C7A54E32C0EED23003FC649 /* PBXContainerItemProxy */ = {
			isa = PBXContainerItemProxy;
			containerPortal = 6C7A54C02C0EED21003FC649 /* Project object */;
			proxyType = 1;
			remoteGlobalIDString = 6C7A54C72C0EED21003FC649;
			remoteInfo = "To-Do List";
		};
/* End PBXContainerItemProxy section */

/* Begin PBXFileReference section */
		6C70402D2C1FF5F0008FAFB8 /* TLButton.swift */ = {isa = PBXFileReference; lastKnownFileType = sourcecode.swift; path = TLButton.swift; sourceTree = "<group>"; };
		6C70402F2C24BAF4008FAFB8 /* Extensions.swift */ = {isa = PBXFileReference; lastKnownFileType = sourcecode.swift; path = Extensions.swift; sourceTree = "<group>"; };
		6C7A54C82C0EED21003FC649 /* To-Do List.app */ = {isa = PBXFileReference; explicitFileType = wrapper.application; includeInIndex = 0; path = "To-Do List.app"; sourceTree = BUILT_PRODUCTS_DIR; };
		6C7A54CB2C0EED21003FC649 /* To_Do_ListApp.swift */ = {isa = PBXFileReference; lastKnownFileType = sourcecode.swift; path = To_Do_ListApp.swift; sourceTree = "<group>"; };
		6C7A54CD2C0EED21003FC649 /* ContentView.swift */ = {isa = PBXFileReference; lastKnownFileType = sourcecode.swift; path = ContentView.swift; sourceTree = "<group>"; };
		6C7A54CF2C0EED23003FC649 /* Assets.xcassets */ = {isa = PBXFileReference; lastKnownFileType = folder.assetcatalog; path = Assets.xcassets; sourceTree = "<group>"; };
		6C7A54D22C0EED23003FC649 /* Preview Assets.xcassets */ = {isa = PBXFileReference; lastKnownFileType = folder.assetcatalog; path = "Preview Assets.xcassets"; sourceTree = "<group>"; };
		6C7A54D82C0EED23003FC649 /* To-Do ListTests.xctest */ = {isa = PBXFileReference; explicitFileType = wrapper.cfbundle; includeInIndex = 0; path = "To-Do ListTests.xctest"; sourceTree = BUILT_PRODUCTS_DIR; };
		6C7A54DC2C0EED23003FC649 /* To_Do_ListTests.swift */ = {isa = PBXFileReference; lastKnownFileType = sourcecode.swift; path = To_Do_ListTests.swift; sourceTree = "<group>"; };
		6C7A54E22C0EED23003FC649 /* To-Do ListUITests.xctest */ = {isa = PBXFileReference; explicitFileType = wrapper.cfbundle; includeInIndex = 0; path = "To-Do ListUITests.xctest"; sourceTree = BUILT_PRODUCTS_DIR; };
		6C7A54E62C0EED23003FC649 /* To_Do_ListUITests.swift */ = {isa = PBXFileReference; lastKnownFileType = sourcecode.swift; path = To_Do_ListUITests.swift; sourceTree = "<group>"; };
		6C7A54E82C0EED23003FC649 /* To_Do_ListUITestsLaunchTests.swift */ = {isa = PBXFileReference; lastKnownFileType = sourcecode.swift; path = To_Do_ListUITestsLaunchTests.swift; sourceTree = "<group>"; };
		6CB4B4342C10305C007A7F2C /* GoogleService-Info.plist */ = {isa = PBXFileReference; fileEncoding = 4; lastKnownFileType = text.plist.xml; path = "GoogleService-Info.plist"; sourceTree = "<group>"; };
		6CB4B44C2C10BDE5007A7F2C /* ProfileView.swift */ = {isa = PBXFileReference; lastKnownFileType = sourcecode.swift; path = ProfileView.swift; sourceTree = "<group>"; };
		6CB4B44E2C10BE20007A7F2C /* ToDoListView.swift */ = {isa = PBXFileReference; lastKnownFileType = sourcecode.swift; path = ToDoListView.swift; sourceTree = "<group>"; };
		6CB4B4502C10BE34007A7F2C /* NewItemView.swift */ = {isa = PBXFileReference; lastKnownFileType = sourcecode.swift; path = NewItemView.swift; sourceTree = "<group>"; };
		6CB4B4522C10BE53007A7F2C /* LoginView.swift */ = {isa = PBXFileReference; lastKnownFileType = sourcecode.swift; path = LoginView.swift; sourceTree = "<group>"; };
		6CB4B4542C10BE6F007A7F2C /* RegisterView.swift */ = {isa = PBXFileReference; lastKnownFileType = sourcecode.swift; path = RegisterView.swift; sourceTree = "<group>"; };
		6CB4B4562C10BEBB007A7F2C /* ToDoListItemView.swift */ = {isa = PBXFileReference; lastKnownFileType = sourcecode.swift; path = ToDoListItemView.swift; sourceTree = "<group>"; };
		6CB4B4582C1A1F33007A7F2C /* User.swift */ = {isa = PBXFileReference; lastKnownFileType = sourcecode.swift; path = User.swift; sourceTree = "<group>"; };
		6CB4B45A2C1A1F66007A7F2C /* ToDoListItem.swift */ = {isa = PBXFileReference; lastKnownFileType = sourcecode.swift; path = ToDoListItem.swift; sourceTree = "<group>"; };
		6CB4B45C2C1A1FD2007A7F2C /* ContentViewViewModel.swift */ = {isa = PBXFileReference; lastKnownFileType = sourcecode.swift; path = ContentViewViewModel.swift; sourceTree = "<group>"; };
		6CB4B45E2C1A1FE0007A7F2C /* ProfileViewViewModel.swift */ = {isa = PBXFileReference; lastKnownFileType = sourcecode.swift; path = ProfileViewViewModel.swift; sourceTree = "<group>"; };
		6CB4B4602C1A1FFD007A7F2C /* ToDoListViewViewModel.swift */ = {isa = PBXFileReference; lastKnownFileType = sourcecode.swift; path = ToDoListViewViewModel.swift; sourceTree = "<group>"; };
		6CB4B4622C1A2011007A7F2C /* NewItemViewViewModel.swift */ = {isa = PBXFileReference; lastKnownFileType = sourcecode.swift; path = NewItemViewViewModel.swift; sourceTree = "<group>"; };
		6CB4B4642C1A2022007A7F2C /* LoginViewViewModel.swift */ = {isa = PBXFileReference; lastKnownFileType = sourcecode.swift; path = LoginViewViewModel.swift; sourceTree = "<group>"; };
		6CB4B4662C1A2047007A7F2C /* RegisterViewViewModel.swift */ = {isa = PBXFileReference; lastKnownFileType = sourcecode.swift; path = RegisterViewViewModel.swift; sourceTree = "<group>"; };
		6CB4B4682C1A205A007A7F2C /* ToDoListItemViewViewModel.swift */ = {isa = PBXFileReference; lastKnownFileType = sourcecode.swift; path = ToDoListItemViewViewModel.swift; sourceTree = "<group>"; };
		6CB4B46A2C1A29A8007A7F2C /* HeaderView.swift */ = {isa = PBXFileReference; lastKnownFileType = sourcecode.swift; path = HeaderView.swift; sourceTree = "<group>"; };
/* End PBXFileReference section */

/* Begin PBXFrameworksBuildPhase section */
		6C7A54C52C0EED21003FC649 /* Frameworks */ = {
			isa = PBXFrameworksBuildPhase;
			buildActionMask = 2147483647;
			files = (
				6CB4B43C2C1031C4007A7F2C /* FirebaseAnalyticsSwift in Frameworks */,
				6CB4B4422C10A9D2007A7F2C /* FirebaseAuth in Frameworks */,
				6CB4B4382C1031C4007A7F2C /* FirebaseAnalytics in Frameworks */,
				6CB4B43A2C1031C4007A7F2C /* FirebaseAnalyticsOnDeviceConversion in Frameworks */,
				6CB4B4402C1031C4007A7F2C /* FirebaseAppCheck in Frameworks */,
				6CB4B43E2C1031C4007A7F2C /* FirebaseAnalyticsWithoutAdIdSupport in Frameworks */,
				6CB4B4442C10A9D2007A7F2C /* FirebaseFirestore in Frameworks */,
				6CB4B4462C10A9D2007A7F2C /* FirebaseFirestoreSwift in Frameworks */,
			);
			runOnlyForDeploymentPostprocessing = 0;
		};
		6C7A54D52C0EED23003FC649 /* Frameworks */ = {
			isa = PBXFrameworksBuildPhase;
			buildActionMask = 2147483647;
			files = (
			);
			runOnlyForDeploymentPostprocessing = 0;
		};
		6C7A54DF2C0EED23003FC649 /* Frameworks */ = {
			isa = PBXFrameworksBuildPhase;
			buildActionMask = 2147483647;
			files = (
			);
			runOnlyForDeploymentPostprocessing = 0;
		};
/* End PBXFrameworksBuildPhase section */

/* Begin PBXGroup section */
		6C7A54BF2C0EED21003FC649 = {
			isa = PBXGroup;
			children = (
				6C7A54CA2C0EED21003FC649 /* To-Do List */,
				6C7A54DB2C0EED23003FC649 /* To-Do ListTests */,
				6C7A54E52C0EED23003FC649 /* To-Do ListUITests */,
				6C7A54C92C0EED21003FC649 /* Products */,
			);
			sourceTree = "<group>";
		};
		6C7A54C92C0EED21003FC649 /* Products */ = {
			isa = PBXGroup;
			children = (
				6C7A54C82C0EED21003FC649 /* To-Do List.app */,
				6C7A54D82C0EED23003FC649 /* To-Do ListTests.xctest */,
				6C7A54E22C0EED23003FC649 /* To-Do ListUITests.xctest */,
			);
			name = Products;
			sourceTree = "<group>";
		};
		6C7A54CA2C0EED21003FC649 /* To-Do List */ = {
			isa = PBXGroup;
			children = (
				6CB4B44B2C10B98F007A7F2C /* Other */,
				6CB4B44A2C10B95A007A7F2C /* Models */,
				6CB4B4482C10B8E4007A7F2C /* ViewModels */,
				6CB4B4472C10B88D007A7F2C /* Views */,
				6C7A54D12C0EED23003FC649 /* Preview Content */,
			);
			path = "To-Do List";
			sourceTree = "<group>";
		};
		6C7A54D12C0EED23003FC649 /* Preview Content */ = {
			isa = PBXGroup;
			children = (
				6C7A54D22C0EED23003FC649 /* Preview Assets.xcassets */,
			);
			path = "Preview Content";
			sourceTree = "<group>";
		};
		6C7A54DB2C0EED23003FC649 /* To-Do ListTests */ = {
			isa = PBXGroup;
			children = (
				6C7A54DC2C0EED23003FC649 /* To_Do_ListTests.swift */,
			);
			path = "To-Do ListTests";
			sourceTree = "<group>";
		};
		6C7A54E52C0EED23003FC649 /* To-Do ListUITests */ = {
			isa = PBXGroup;
			children = (
				6C7A54E62C0EED23003FC649 /* To_Do_ListUITests.swift */,
				6C7A54E82C0EED23003FC649 /* To_Do_ListUITestsLaunchTests.swift */,
			);
			path = "To-Do ListUITests";
			sourceTree = "<group>";
		};
		6CB4B4472C10B88D007A7F2C /* Views */ = {
			isa = PBXGroup;
			children = (
				6C7A54CD2C0EED21003FC649 /* ContentView.swift */,
				6CB4B44C2C10BDE5007A7F2C /* ProfileView.swift */,
				6CB4B44E2C10BE20007A7F2C /* ToDoListView.swift */,
				6CB4B4562C10BEBB007A7F2C /* ToDoListItemView.swift */,
				6CB4B4502C10BE34007A7F2C /* NewItemView.swift */,
				6CB4B4522C10BE53007A7F2C /* LoginView.swift */,
				6CB4B4542C10BE6F007A7F2C /* RegisterView.swift */,
				6CB4B46A2C1A29A8007A7F2C /* HeaderView.swift */,
				6C70402D2C1FF5F0008FAFB8 /* TLButton.swift */,
			);
			path = Views;
			sourceTree = "<group>";
		};
		6CB4B4482C10B8E4007A7F2C /* ViewModels */ = {
			isa = PBXGroup;
			children = (
				6CB4B45C2C1A1FD2007A7F2C /* ContentViewViewModel.swift */,
				6CB4B45E2C1A1FE0007A7F2C /* ProfileViewViewModel.swift */,
				6CB4B4622C1A2011007A7F2C /* NewItemViewViewModel.swift */,
				6CB4B4642C1A2022007A7F2C /* LoginViewViewModel.swift */,
				6CB4B4662C1A2047007A7F2C /* RegisterViewViewModel.swift */,
				6CB4B4602C1A1FFD007A7F2C /* ToDoListViewViewModel.swift */,
				6CB4B4682C1A205A007A7F2C /* ToDoListItemViewViewModel.swift */,
			);
			path = ViewModels;
			sourceTree = "<group>";
		};
		6CB4B44A2C10B95A007A7F2C /* Models */ = {
			isa = PBXGroup;
			children = (
				6CB4B4582C1A1F33007A7F2C /* User.swift */,
				6CB4B45A2C1A1F66007A7F2C /* ToDoListItem.swift */,
			);
			path = Models;
			sourceTree = "<group>";
		};
		6CB4B44B2C10B98F007A7F2C /* Other */ = {
			isa = PBXGroup;
			children = (
				6C7A54CF2C0EED23003FC649 /* Assets.xcassets */,
				6CB4B4342C10305C007A7F2C /* GoogleService-Info.plist */,
				6C7A54CB2C0EED21003FC649 /* To_Do_ListApp.swift */,
				6C70402F2C24BAF4008FAFB8 /* Extensions.swift */,
			);
			path = Other;
			sourceTree = "<group>";
		};
/* End PBXGroup section */

/* Begin PBXNativeTarget section */
		6C7A54C72C0EED21003FC649 /* To-Do List */ = {
			isa = PBXNativeTarget;
			buildConfigurationList = 6C7A54EC2C0EED23003FC649 /* Build configuration list for PBXNativeTarget "To-Do List" */;
			buildPhases = (
				6C7A54C42C0EED21003FC649 /* Sources */,
				6C7A54C52C0EED21003FC649 /* Frameworks */,
				6C7A54C62C0EED21003FC649 /* Resources */,
			);
			buildRules = (
			);
			dependencies = (
			);
			name = "To-Do List";
			packageProductDependencies = (
				6CB4B4372C1031C4007A7F2C /* FirebaseAnalytics */,
				6CB4B4392C1031C4007A7F2C /* FirebaseAnalyticsOnDeviceConversion */,
				6CB4B43B2C1031C4007A7F2C /* FirebaseAnalyticsSwift */,
				6CB4B43D2C1031C4007A7F2C /* FirebaseAnalyticsWithoutAdIdSupport */,
				6CB4B43F2C1031C4007A7F2C /* FirebaseAppCheck */,
				6CB4B4412C10A9D2007A7F2C /* FirebaseAuth */,
				6CB4B4432C10A9D2007A7F2C /* FirebaseFirestore */,
				6CB4B4452C10A9D2007A7F2C /* FirebaseFirestoreSwift */,
			);
			productName = "To-Do List";
			productReference = 6C7A54C82C0EED21003FC649 /* To-Do List.app */;
			productType = "com.apple.product-type.application";
		};
		6C7A54D72C0EED23003FC649 /* To-Do ListTests */ = {
			isa = PBXNativeTarget;
			buildConfigurationList = 6C7A54EF2C0EED23003FC649 /* Build configuration list for PBXNativeTarget "To-Do ListTests" */;
			buildPhases = (
				6C7A54D42C0EED23003FC649 /* Sources */,
				6C7A54D52C0EED23003FC649 /* Frameworks */,
				6C7A54D62C0EED23003FC649 /* Resources */,
			);
			buildRules = (
			);
			dependencies = (
				6C7A54DA2C0EED23003FC649 /* PBXTargetDependency */,
			);
			name = "To-Do ListTests";
			productName = "To-Do ListTests";
			productReference = 6C7A54D82C0EED23003FC649 /* To-Do ListTests.xctest */;
			productType = "com.apple.product-type.bundle.unit-test";
		};
		6C7A54E12C0EED23003FC649 /* To-Do ListUITests */ = {
			isa = PBXNativeTarget;
			buildConfigurationList = 6C7A54F22C0EED23003FC649 /* Build configuration list for PBXNativeTarget "To-Do ListUITests" */;
			buildPhases = (
				6C7A54DE2C0EED23003FC649 /* Sources */,
				6C7A54DF2C0EED23003FC649 /* Frameworks */,
				6C7A54E02C0EED23003FC649 /* Resources */,
			);
			buildRules = (
			);
			dependencies = (
				6C7A54E42C0EED23003FC649 /* PBXTargetDependency */,
			);
			name = "To-Do ListUITests";
			productName = "To-Do ListUITests";
			productReference = 6C7A54E22C0EED23003FC649 /* To-Do ListUITests.xctest */;
			productType = "com.apple.product-type.bundle.ui-testing";
		};
/* End PBXNativeTarget section */

/* Begin PBXProject section */
		6C7A54C02C0EED21003FC649 /* Project object */ = {
			isa = PBXProject;
			attributes = {
				BuildIndependentTargetsInParallel = 1;
				LastSwiftUpdateCheck = 1540;
				LastUpgradeCheck = 1540;
				TargetAttributes = {
					6C7A54C72C0EED21003FC649 = {
						CreatedOnToolsVersion = 15.4;
					};
					6C7A54D72C0EED23003FC649 = {
						CreatedOnToolsVersion = 15.4;
						TestTargetID = 6C7A54C72C0EED21003FC649;
					};
					6C7A54E12C0EED23003FC649 = {
						CreatedOnToolsVersion = 15.4;
						TestTargetID = 6C7A54C72C0EED21003FC649;
					};
				};
			};
			buildConfigurationList = 6C7A54C32C0EED21003FC649 /* Build configuration list for PBXProject "To-Do List" */;
			compatibilityVersion = "Xcode 14.0";
			developmentRegion = en;
			hasScannedForEncodings = 0;
			knownRegions = (
				en,
				Base,
			);
			mainGroup = 6C7A54BF2C0EED21003FC649;
			packageReferences = (
				6CB4B4362C1031C4007A7F2C /* XCRemoteSwiftPackageReference "firebase-ios-sdk" */,
			);
			productRefGroup = 6C7A54C92C0EED21003FC649 /* Products */;
			projectDirPath = "";
			projectRoot = "";
			targets = (
				6C7A54C72C0EED21003FC649 /* To-Do List */,
				6C7A54D72C0EED23003FC649 /* To-Do ListTests */,
				6C7A54E12C0EED23003FC649 /* To-Do ListUITests */,
			);
		};
/* End PBXProject section */

/* Begin PBXResourcesBuildPhase section */
		6C7A54C62C0EED21003FC649 /* Resources */ = {
			isa = PBXResourcesBuildPhase;
			buildActionMask = 2147483647;
			files = (
				6C7A54D32C0EED23003FC649 /* Preview Assets.xcassets in Resources */,
				6C7A54D02C0EED23003FC649 /* Assets.xcassets in Resources */,
				6CB4B4352C10305C007A7F2C /* GoogleService-Info.plist in Resources */,
			);
			runOnlyForDeploymentPostprocessing = 0;
		};
		6C7A54D62C0EED23003FC649 /* Resources */ = {
			isa = PBXResourcesBuildPhase;
			buildActionMask = 2147483647;
			files = (
			);
			runOnlyForDeploymentPostprocessing = 0;
		};
		6C7A54E02C0EED23003FC649 /* Resources */ = {
			isa = PBXResourcesBuildPhase;
			buildActionMask = 2147483647;
			files = (
			);
			runOnlyForDeploymentPostprocessing = 0;
		};
/* End PBXResourcesBuildPhase section */

/* Begin PBXSourcesBuildPhase section */
		6C7A54C42C0EED21003FC649 /* Sources */ = {
			isa = PBXSourcesBuildPhase;
			buildActionMask = 2147483647;
			files = (
				6CB4B4532C10BE53007A7F2C /* LoginView.swift in Sources */,
				6CB4B46B2C1A29A8007A7F2C /* HeaderView.swift in Sources */,
				6CB4B45D2C1A1FD2007A7F2C /* ContentViewViewModel.swift in Sources */,
				6CB4B4672C1A2047007A7F2C /* RegisterViewViewModel.swift in Sources */,
				6C7A54CE2C0EED21003FC649 /* ContentView.swift in Sources */,
				6CB4B44F2C10BE20007A7F2C /* ToDoListView.swift in Sources */,
				6CB4B4552C10BE6F007A7F2C /* RegisterView.swift in Sources */,
				6C70402E2C1FF5F0008FAFB8 /* TLButton.swift in Sources */,
				6CB4B45F2C1A1FE0007A7F2C /* ProfileViewViewModel.swift in Sources */,
				6CB4B44D2C10BDE5007A7F2C /* ProfileView.swift in Sources */,
				6CB4B4592C1A1F33007A7F2C /* User.swift in Sources */,
				6CB4B4572C10BEBB007A7F2C /* ToDoListItemView.swift in Sources */,
				6CB4B4612C1A1FFD007A7F2C /* ToDoListViewViewModel.swift in Sources */,
				6CB4B4652C1A2022007A7F2C /* LoginViewViewModel.swift in Sources */,
				6C7A54CC2C0EED21003FC649 /* To_Do_ListApp.swift in Sources */,
				6C7040302C24BAF4008FAFB8 /* Extensions.swift in Sources */,
				6CB4B45B2C1A1F66007A7F2C /* ToDoListItem.swift in Sources */,
				6CB4B4512C10BE34007A7F2C /* NewItemView.swift in Sources */,
				6CB4B4632C1A2011007A7F2C /* NewItemViewViewModel.swift in Sources */,
				6CB4B4692C1A205A007A7F2C /* ToDoListItemViewViewModel.swift in Sources */,
			);
			runOnlyForDeploymentPostprocessing = 0;
		};
		6C7A54D42C0EED23003FC649 /* Sources */ = {
			isa = PBXSourcesBuildPhase;
			buildActionMask = 2147483647;
			files = (
				6C7A54DD2C0EED23003FC649 /* To_Do_ListTests.swift in Sources */,
			);
			runOnlyForDeploymentPostprocessing = 0;
		};
		6C7A54DE2C0EED23003FC649 /* Sources */ = {
			isa = PBXSourcesBuildPhase;
			buildActionMask = 2147483647;
			files = (
				6C7A54E92C0EED23003FC649 /* To_Do_ListUITestsLaunchTests.swift in Sources */,
				6C7A54E72C0EED23003FC649 /* To_Do_ListUITests.swift in Sources */,
			);
			runOnlyForDeploymentPostprocessing = 0;
		};
/* End PBXSourcesBuildPhase section */

/* Begin PBXTargetDependency section */
		6C7A54DA2C0EED23003FC649 /* PBXTargetDependency */ = {
			isa = PBXTargetDependency;
			target = 6C7A54C72C0EED21003FC649 /* To-Do List */;
			targetProxy = 6C7A54D92C0EED23003FC649 /* PBXContainerItemProxy */;
		};
		6C7A54E42C0EED23003FC649 /* PBXTargetDependency */ = {
			isa = PBXTargetDependency;
			target = 6C7A54C72C0EED21003FC649 /* To-Do List */;
			targetProxy = 6C7A54E32C0EED23003FC649 /* PBXContainerItemProxy */;
		};
/* End PBXTargetDependency section */

/* Begin XCBuildConfiguration section */
		6C7A54EA2C0EED23003FC649 /* Debug */ = {
			isa = XCBuildConfiguration;
			buildSettings = {
				ALWAYS_SEARCH_USER_PATHS = NO;
				ASSETCATALOG_COMPILER_GENERATE_SWIFT_ASSET_SYMBOL_EXTENSIONS = YES;
				CLANG_ANALYZER_NONNULL = YES;
				CLANG_ANALYZER_NUMBER_OBJECT_CONVERSION = YES_AGGRESSIVE;
				CLANG_CXX_LANGUAGE_STANDARD = "gnu++20";
				CLANG_ENABLE_MODULES = YES;
				CLANG_ENABLE_OBJC_ARC = YES;
				CLANG_ENABLE_OBJC_WEAK = YES;
				CLANG_WARN_BLOCK_CAPTURE_AUTORELEASING = YES;
				CLANG_WARN_BOOL_CONVERSION = YES;
				CLANG_WARN_COMMA = YES;
				CLANG_WARN_CONSTANT_CONVERSION = YES;
				CLANG_WARN_DEPRECATED_OBJC_IMPLEMENTATIONS = YES;
				CLANG_WARN_DIRECT_OBJC_ISA_USAGE = YES_ERROR;
				CLANG_WARN_DOCUMENTATION_COMMENTS = YES;
				CLANG_WARN_EMPTY_BODY = YES;
				CLANG_WARN_ENUM_CONVERSION = YES;
				CLANG_WARN_INFINITE_RECURSION = YES;
				CLANG_WARN_INT_CONVERSION = YES;
				CLANG_WARN_NON_LITERAL_NULL_CONVERSION = YES;
				CLANG_WARN_OBJC_IMPLICIT_RETAIN_SELF = YES;
				CLANG_WARN_OBJC_LITERAL_CONVERSION = YES;
				CLANG_WARN_OBJC_ROOT_CLASS = YES_ERROR;
				CLANG_WARN_QUOTED_INCLUDE_IN_FRAMEWORK_HEADER = YES;
				CLANG_WARN_RANGE_LOOP_ANALYSIS = YES;
				CLANG_WARN_STRICT_PROTOTYPES = YES;
				CLANG_WARN_SUSPICIOUS_MOVE = YES;
				CLANG_WARN_UNGUARDED_AVAILABILITY = YES_AGGRESSIVE;
				CLANG_WARN_UNREACHABLE_CODE = YES;
				CLANG_WARN__DUPLICATE_METHOD_MATCH = YES;
				COPY_PHASE_STRIP = NO;
				DEBUG_INFORMATION_FORMAT = dwarf;
				ENABLE_STRICT_OBJC_MSGSEND = YES;
				ENABLE_TESTABILITY = YES;
				ENABLE_USER_SCRIPT_SANDBOXING = YES;
				GCC_C_LANGUAGE_STANDARD = gnu17;
				GCC_DYNAMIC_NO_PIC = NO;
				GCC_NO_COMMON_BLOCKS = YES;
				GCC_OPTIMIZATION_LEVEL = 0;
				GCC_PREPROCESSOR_DEFINITIONS = (
					"DEBUG=1",
					"$(inherited)",
				);
				GCC_WARN_64_TO_32_BIT_CONVERSION = YES;
				GCC_WARN_ABOUT_RETURN_TYPE = YES_ERROR;
				GCC_WARN_UNDECLARED_SELECTOR = YES;
				GCC_WARN_UNINITIALIZED_AUTOS = YES_AGGRESSIVE;
				GCC_WARN_UNUSED_FUNCTION = YES;
				GCC_WARN_UNUSED_VARIABLE = YES;
				IPHONEOS_DEPLOYMENT_TARGET = 17.5;
				LOCALIZATION_PREFERS_STRING_CATALOGS = YES;
				MTL_ENABLE_DEBUG_INFO = INCLUDE_SOURCE;
				MTL_FAST_MATH = YES;
				ONLY_ACTIVE_ARCH = YES;
				SDKROOT = iphoneos;
				SWIFT_ACTIVE_COMPILATION_CONDITIONS = "DEBUG $(inherited)";
				SWIFT_OPTIMIZATION_LEVEL = "-Onone";
			};
			name = Debug;
		};
		6C7A54EB2C0EED23003FC649 /* Release */ = {
			isa = XCBuildConfiguration;
			buildSettings = {
				ALWAYS_SEARCH_USER_PATHS = NO;
				ASSETCATALOG_COMPILER_GENERATE_SWIFT_ASSET_SYMBOL_EXTENSIONS = YES;
				CLANG_ANALYZER_NONNULL = YES;
				CLANG_ANALYZER_NUMBER_OBJECT_CONVERSION = YES_AGGRESSIVE;
				CLANG_CXX_LANGUAGE_STANDARD = "gnu++20";
				CLANG_ENABLE_MODULES = YES;
				CLANG_ENABLE_OBJC_ARC = YES;
				CLANG_ENABLE_OBJC_WEAK = YES;
				CLANG_WARN_BLOCK_CAPTURE_AUTORELEASING = YES;
				CLANG_WARN_BOOL_CONVERSION = YES;
				CLANG_WARN_COMMA = YES;
				CLANG_WARN_CONSTANT_CONVERSION = YES;
				CLANG_WARN_DEPRECATED_OBJC_IMPLEMENTATIONS = YES;
				CLANG_WARN_DIRECT_OBJC_ISA_USAGE = YES_ERROR;
				CLANG_WARN_DOCUMENTATION_COMMENTS = YES;
				CLANG_WARN_EMPTY_BODY = YES;
				CLANG_WARN_ENUM_CONVERSION = YES;
				CLANG_WARN_INFINITE_RECURSION = YES;
				CLANG_WARN_INT_CONVERSION = YES;
				CLANG_WARN_NON_LITERAL_NULL_CONVERSION = YES;
				CLANG_WARN_OBJC_IMPLICIT_RETAIN_SELF = YES;
				CLANG_WARN_OBJC_LITERAL_CONVERSION = YES;
				CLANG_WARN_OBJC_ROOT_CLASS = YES_ERROR;
				CLANG_WARN_QUOTED_INCLUDE_IN_FRAMEWORK_HEADER = YES;
				CLANG_WARN_RANGE_LOOP_ANALYSIS = YES;
				CLANG_WARN_STRICT_PROTOTYPES = YES;
				CLANG_WARN_SUSPICIOUS_MOVE = YES;
				CLANG_WARN_UNGUARDED_AVAILABILITY = YES_AGGRESSIVE;
				CLANG_WARN_UNREACHABLE_CODE = YES;
				CLANG_WARN__DUPLICATE_METHOD_MATCH = YES;
				COPY_PHASE_STRIP = NO;
				DEBUG_INFORMATION_FORMAT = "dwarf-with-dsym";
				ENABLE_NS_ASSERTIONS = NO;
				ENABLE_STRICT_OBJC_MSGSEND = YES;
				ENABLE_USER_SCRIPT_SANDBOXING = YES;
				GCC_C_LANGUAGE_STANDARD = gnu17;
				GCC_NO_COMMON_BLOCKS = YES;
				GCC_WARN_64_TO_32_BIT_CONVERSION = YES;
				GCC_WARN_ABOUT_RETURN_TYPE = YES_ERROR;
				GCC_WARN_UNDECLARED_SELECTOR = YES;
				GCC_WARN_UNINITIALIZED_AUTOS = YES_AGGRESSIVE;
				GCC_WARN_UNUSED_FUNCTION = YES;
				GCC_WARN_UNUSED_VARIABLE = YES;
				IPHONEOS_DEPLOYMENT_TARGET = 17.5;
				LOCALIZATION_PREFERS_STRING_CATALOGS = YES;
				MTL_ENABLE_DEBUG_INFO = NO;
				MTL_FAST_MATH = YES;
				SDKROOT = iphoneos;
				SWIFT_COMPILATION_MODE = wholemodule;
				VALIDATE_PRODUCT = YES;
			};
			name = Release;
		};
		6C7A54ED2C0EED23003FC649 /* Debug */ = {
			isa = XCBuildConfiguration;
			buildSettings = {
				ASSETCATALOG_COMPILER_APPICON_NAME = AppIcon;
				ASSETCATALOG_COMPILER_GLOBAL_ACCENT_COLOR_NAME = AccentColor;
				CODE_SIGN_STYLE = Automatic;
				CURRENT_PROJECT_VERSION = 1;
				DEVELOPMENT_ASSET_PATHS = "\"To-Do List/Preview Content\"";
				ENABLE_PREVIEWS = YES;
				GENERATE_INFOPLIST_FILE = YES;
				INFOPLIST_KEY_CFBundleDisplayName = "To-Do List";
				INFOPLIST_KEY_UIApplicationSceneManifest_Generation = YES;
				INFOPLIST_KEY_UIApplicationSupportsIndirectInputEvents = YES;
				INFOPLIST_KEY_UILaunchScreen_Generation = YES;
				INFOPLIST_KEY_UISupportedInterfaceOrientations_iPad = "UIInterfaceOrientationPortrait UIInterfaceOrientationPortraitUpsideDown UIInterfaceOrientationLandscapeLeft UIInterfaceOrientationLandscapeRight";
				INFOPLIST_KEY_UISupportedInterfaceOrientations_iPhone = "UIInterfaceOrientationPortrait UIInterfaceOrientationLandscapeLeft UIInterfaceOrientationLandscapeRight";
				LD_RUNPATH_SEARCH_PATHS = (
					"$(inherited)",
					"@executable_path/Frameworks",
				);
				MARKETING_VERSION = 1.0;
				PRODUCT_BUNDLE_IDENTIFIER = "dammkevin.To-Do-List";
				PRODUCT_NAME = "$(TARGET_NAME)";
				SWIFT_EMIT_LOC_STRINGS = YES;
				SWIFT_VERSION = 5.0;
				TARGETED_DEVICE_FAMILY = "1,2";
			};
			name = Debug;
		};
		6C7A54EE2C0EED23003FC649 /* Release */ = {
			isa = XCBuildConfiguration;
			buildSettings = {
				ASSETCATALOG_COMPILER_APPICON_NAME = AppIcon;
				ASSETCATALOG_COMPILER_GLOBAL_ACCENT_COLOR_NAME = AccentColor;
				CODE_SIGN_STYLE = Automatic;
				CURRENT_PROJECT_VERSION = 1;
				DEVELOPMENT_ASSET_PATHS = "\"To-Do List/Preview Content\"";
				ENABLE_PREVIEWS = YES;
				GENERATE_INFOPLIST_FILE = YES;
				INFOPLIST_KEY_CFBundleDisplayName = "To-Do List";
				INFOPLIST_KEY_UIApplicationSceneManifest_Generation = YES;
				INFOPLIST_KEY_UIApplicationSupportsIndirectInputEvents = YES;
				INFOPLIST_KEY_UILaunchScreen_Generation = YES;
				INFOPLIST_KEY_UISupportedInterfaceOrientations_iPad = "UIInterfaceOrientationPortrait UIInterfaceOrientationPortraitUpsideDown UIInterfaceOrientationLandscapeLeft UIInterfaceOrientationLandscapeRight";
				INFOPLIST_KEY_UISupportedInterfaceOrientations_iPhone = "UIInterfaceOrientationPortrait UIInterfaceOrientationLandscapeLeft UIInterfaceOrientationLandscapeRight";
				LD_RUNPATH_SEARCH_PATHS = (
					"$(inherited)",
					"@executable_path/Frameworks",
				);
				MARKETING_VERSION = 1.0;
				PRODUCT_BUNDLE_IDENTIFIER = "dammkevin.To-Do-List";
				PRODUCT_NAME = "$(TARGET_NAME)";
				SWIFT_EMIT_LOC_STRINGS = YES;
				SWIFT_VERSION = 5.0;
				TARGETED_DEVICE_FAMILY = "1,2";
			};
			name = Release;
		};
		6C7A54F02C0EED23003FC649 /* Debug */ = {
			isa = XCBuildConfiguration;
			buildSettings = {
				ALWAYS_EMBED_SWIFT_STANDARD_LIBRARIES = YES;
				BUNDLE_LOADER = "$(TEST_HOST)";
				CODE_SIGN_STYLE = Automatic;
				CURRENT_PROJECT_VERSION = 1;
				GENERATE_INFOPLIST_FILE = YES;
				IPHONEOS_DEPLOYMENT_TARGET = 17.5;
				MARKETING_VERSION = 1.0;
				PRODUCT_BUNDLE_IDENTIFIER = "dammkevin.To-Do-ListTests";
				PRODUCT_NAME = "$(TARGET_NAME)";
				SWIFT_EMIT_LOC_STRINGS = NO;
				SWIFT_VERSION = 5.0;
				TARGETED_DEVICE_FAMILY = "1,2";
				TEST_HOST = "$(BUILT_PRODUCTS_DIR)/To-Do List.app/$(BUNDLE_EXECUTABLE_FOLDER_PATH)/To-Do List";
			};
			name = Debug;
		};
		6C7A54F12C0EED23003FC649 /* Release */ = {
			isa = XCBuildConfiguration;
			buildSettings = {
				ALWAYS_EMBED_SWIFT_STANDARD_LIBRARIES = YES;
				BUNDLE_LOADER = "$(TEST_HOST)";
				CODE_SIGN_STYLE = Automatic;
				CURRENT_PROJECT_VERSION = 1;
				GENERATE_INFOPLIST_FILE = YES;
				IPHONEOS_DEPLOYMENT_TARGET = 17.5;
				MARKETING_VERSION = 1.0;
				PRODUCT_BUNDLE_IDENTIFIER = "dammkevin.To-Do-ListTests";
				PRODUCT_NAME = "$(TARGET_NAME)";
				SWIFT_EMIT_LOC_STRINGS = NO;
				SWIFT_VERSION = 5.0;
				TARGETED_DEVICE_FAMILY = "1,2";
				TEST_HOST = "$(BUILT_PRODUCTS_DIR)/To-Do List.app/$(BUNDLE_EXECUTABLE_FOLDER_PATH)/To-Do List";
			};
			name = Release;
		};
		6C7A54F32C0EED23003FC649 /* Debug */ = {
			isa = XCBuildConfiguration;
			buildSettings = {
				ALWAYS_EMBED_SWIFT_STANDARD_LIBRARIES = YES;
				CODE_SIGN_STYLE = Automatic;
				CURRENT_PROJECT_VERSION = 1;
				GENERATE_INFOPLIST_FILE = YES;
				MARKETING_VERSION = 1.0;
				PRODUCT_BUNDLE_IDENTIFIER = "dammkevin.To-Do-ListUITests";
				PRODUCT_NAME = "$(TARGET_NAME)";
				SWIFT_EMIT_LOC_STRINGS = NO;
				SWIFT_VERSION = 5.0;
				TARGETED_DEVICE_FAMILY = "1,2";
				TEST_TARGET_NAME = "To-Do List";
			};
			name = Debug;
		};
		6C7A54F42C0EED23003FC649 /* Release */ = {
			isa = XCBuildConfiguration;
			buildSettings = {
				ALWAYS_EMBED_SWIFT_STANDARD_LIBRARIES = YES;
				CODE_SIGN_STYLE = Automatic;
				CURRENT_PROJECT_VERSION = 1;
				GENERATE_INFOPLIST_FILE = YES;
				MARKETING_VERSION = 1.0;
				PRODUCT_BUNDLE_IDENTIFIER = "dammkevin.To-Do-ListUITests";
				PRODUCT_NAME = "$(TARGET_NAME)";
				SWIFT_EMIT_LOC_STRINGS = NO;
				SWIFT_VERSION = 5.0;
				TARGETED_DEVICE_FAMILY = "1,2";
				TEST_TARGET_NAME = "To-Do List";
			};
			name = Release;
		};
/* End XCBuildConfiguration section */

/* Begin XCConfigurationList section */
		6C7A54C32C0EED21003FC649 /* Build configuration list for PBXProject "To-Do List" */ = {
			isa = XCConfigurationList;
			buildConfigurations = (
				6C7A54EA2C0EED23003FC649 /* Debug */,
				6C7A54EB2C0EED23003FC649 /* Release */,
			);
			defaultConfigurationIsVisible = 0;
			defaultConfigurationName = Release;
		};
		6C7A54EC2C0EED23003FC649 /* Build configuration list for PBXNativeTarget "To-Do List" */ = {
			isa = XCConfigurationList;
			buildConfigurations = (
				6C7A54ED2C0EED23003FC649 /* Debug */,
				6C7A54EE2C0EED23003FC649 /* Release */,
			);
			defaultConfigurationIsVisible = 0;
			defaultConfigurationName = Release;
		};
		6C7A54EF2C0EED23003FC649 /* Build configuration list for PBXNativeTarget "To-Do ListTests" */ = {
			isa = XCConfigurationList;
			buildConfigurations = (
				6C7A54F02C0EED23003FC649 /* Debug */,
				6C7A54F12C0EED23003FC649 /* Release */,
			);
			defaultConfigurationIsVisible = 0;
			defaultConfigurationName = Release;
		};
		6C7A54F22C0EED23003FC649 /* Build configuration list for PBXNativeTarget "To-Do ListUITests" */ = {
			isa = XCConfigurationList;
			buildConfigurations = (
				6C7A54F32C0EED23003FC649 /* Debug */,
				6C7A54F42C0EED23003FC649 /* Release */,
			);
			defaultConfigurationIsVisible = 0;
			defaultConfigurationName = Release;
		};
/* End XCConfigurationList section */

/* Begin XCRemoteSwiftPackageReference section */
		6CB4B4362C1031C4007A7F2C /* XCRemoteSwiftPackageReference "firebase-ios-sdk" */ = {
			isa = XCRemoteSwiftPackageReference;
			repositoryURL = "https://github.com/firebase/firebase-ios-sdk";
			requirement = {
				kind = upToNextMajorVersion;
				minimumVersion = 10.27.0;
			};
		};
/* End XCRemoteSwiftPackageReference section */

/* Begin XCSwiftPackageProductDependency section */
		6CB4B4372C1031C4007A7F2C /* FirebaseAnalytics */ = {
			isa = XCSwiftPackageProductDependency;
			package = 6CB4B4362C1031C4007A7F2C /* XCRemoteSwiftPackageReference "firebase-ios-sdk" */;
			productName = FirebaseAnalytics;
		};
		6CB4B4392C1031C4007A7F2C /* FirebaseAnalyticsOnDeviceConversion */ = {
			isa = XCSwiftPackageProductDependency;
			package = 6CB4B4362C1031C4007A7F2C /* XCRemoteSwiftPackageReference "firebase-ios-sdk" */;
			productName = FirebaseAnalyticsOnDeviceConversion;
		};
		6CB4B43B2C1031C4007A7F2C /* FirebaseAnalyticsSwift */ = {
			isa = XCSwiftPackageProductDependency;
			package = 6CB4B4362C1031C4007A7F2C /* XCRemoteSwiftPackageReference "firebase-ios-sdk" */;
			productName = FirebaseAnalyticsSwift;
		};
		6CB4B43D2C1031C4007A7F2C /* FirebaseAnalyticsWithoutAdIdSupport */ = {
			isa = XCSwiftPackageProductDependency;
			package = 6CB4B4362C1031C4007A7F2C /* XCRemoteSwiftPackageReference "firebase-ios-sdk" */;
			productName = FirebaseAnalyticsWithoutAdIdSupport;
		};
		6CB4B43F2C1031C4007A7F2C /* FirebaseAppCheck */ = {
			isa = XCSwiftPackageProductDependency;
			package = 6CB4B4362C1031C4007A7F2C /* XCRemoteSwiftPackageReference "firebase-ios-sdk" */;
			productName = FirebaseAppCheck;
		};
		6CB4B4412C10A9D2007A7F2C /* FirebaseAuth */ = {
			isa = XCSwiftPackageProductDependency;
			package = 6CB4B4362C1031C4007A7F2C /* XCRemoteSwiftPackageReference "firebase-ios-sdk" */;
			productName = FirebaseAuth;
		};
		6CB4B4432C10A9D2007A7F2C /* FirebaseFirestore */ = {
			isa = XCSwiftPackageProductDependency;
			package = 6CB4B4362C1031C4007A7F2C /* XCRemoteSwiftPackageReference "firebase-ios-sdk" */;
			productName = FirebaseFirestore;
		};
		6CB4B4452C10A9D2007A7F2C /* FirebaseFirestoreSwift */ = {
			isa = XCSwiftPackageProductDependency;
			package = 6CB4B4362C1031C4007A7F2C /* XCRemoteSwiftPackageReference "firebase-ios-sdk" */;
			productName = FirebaseFirestoreSwift;
		};
/* End XCSwiftPackageProductDependency section */
	};
	rootObject = 6C7A54C02C0EED21003FC649 /* Project object */;
}
